// !$*UTF8*$!
{
	archiveVersion = 1;
	classes = {
	};
	objectVersion = 46;
	objects = {

/* Begin PBXBuildFile section */
		AE22E44D1C179AEC0051859F /* AppDelegate.swift in Sources */ = {isa = PBXBuildFile; fileRef = AE22E44C1C179AEC0051859F /* AppDelegate.swift */; };
		AE22E44F1C179AEC0051859F /* ViewController.swift in Sources */ = {isa = PBXBuildFile; fileRef = AE22E44E1C179AEC0051859F /* ViewController.swift */; };
		AE22E4521C179AEC0051859F /* Main.storyboard in Resources */ = {isa = PBXBuildFile; fileRef = AE22E4501C179AEC0051859F /* Main.storyboard */; };
		AE22E4541C179AEC0051859F /* Assets.xcassets in Resources */ = {isa = PBXBuildFile; fileRef = AE22E4531C179AEC0051859F /* Assets.xcassets */; };
		AE22E4571C179AEC0051859F /* LaunchScreen.storyboard in Resources */ = {isa = PBXBuildFile; fileRef = AE22E4551C179AEC0051859F /* LaunchScreen.storyboard */; };
		AE22E4621C179AEC0051859F /* FTC_Match_TimerTests.swift in Sources */ = {isa = PBXBuildFile; fileRef = AE22E4611C179AEC0051859F /* FTC_Match_TimerTests.swift */; };
		AE22E46D1C179AEC0051859F /* FTC_Match_TimerUITests.swift in Sources */ = {isa = PBXBuildFile; fileRef = AE22E46C1C179AEC0051859F /* FTC_Match_TimerUITests.swift */; };
/* End PBXBuildFile section */

/* Begin PBXContainerItemProxy section */
		AE22E45E1C179AEC0051859F /* PBXContainerItemProxy */ = {
			isa = PBXContainerItemProxy;
			containerPortal = AE22E4411C179AEC0051859F /* Project object */;
			proxyType = 1;
			remoteGlobalIDString = AE22E4481C179AEC0051859F;
			remoteInfo = "FTC Match Timer";
		};
		AE22E4691C179AEC0051859F /* PBXContainerItemProxy */ = {
			isa = PBXContainerItemProxy;
			containerPortal = AE22E4411C179AEC0051859F /* Project object */;
			proxyType = 1;
			remoteGlobalIDString = AE22E4481C179AEC0051859F;
			remoteInfo = "FTC Match Timer";
		};
/* End PBXContainerItemProxy section */

/* Begin PBXFileReference section */
		AE22E4491C179AEC0051859F /* FTC Match Timer.app */ = {isa = PBXFileReference; explicitFileType = wrapper.application; includeInIndex = 0; path = "FTC Match Timer.app"; sourceTree = BUILT_PRODUCTS_DIR; };
		AE22E44C1C179AEC0051859F /* AppDelegate.swift */ = {isa = PBXFileReference; lastKnownFileType = sourcecode.swift; path = AppDelegate.swift; sourceTree = "<group>"; };
		AE22E44E1C179AEC0051859F /* ViewController.swift */ = {isa = PBXFileReference; lastKnownFileType = sourcecode.swift; path = ViewController.swift; sourceTree = "<group>"; };
		AE22E4511C179AEC0051859F /* Base */ = {isa = PBXFileReference; lastKnownFileType = file.storyboard; name = Base; path = Base.lproj/Main.storyboard; sourceTree = "<group>"; };
		AE22E4531C179AEC0051859F /* Assets.xcassets */ = {isa = PBXFileReference; lastKnownFileType = folder.assetcatalog; path = Assets.xcassets; sourceTree = "<group>"; };
		AE22E4561C179AEC0051859F /* Base */ = {isa = PBXFileReference; lastKnownFileType = file.storyboard; name = Base; path = Base.lproj/LaunchScreen.storyboard; sourceTree = "<group>"; };
		AE22E4581C179AEC0051859F /* Info.plist */ = {isa = PBXFileReference; lastKnownFileType = text.plist.xml; path = Info.plist; sourceTree = "<group>"; };
		AE22E45D1C179AEC0051859F /* FTC Match TimerTests.xctest */ = {isa = PBXFileReference; explicitFileType = wrapper.cfbundle; includeInIndex = 0; path = "FTC Match TimerTests.xctest"; sourceTree = BUILT_PRODUCTS_DIR; };
		AE22E4611C179AEC0051859F /* FTC_Match_TimerTests.swift */ = {isa = PBXFileReference; lastKnownFileType = sourcecode.swift; path = FTC_Match_TimerTests.swift; sourceTree = "<group>"; };
		AE22E4631C179AEC0051859F /* Info.plist */ = {isa = PBXFileReference; lastKnownFileType = text.plist.xml; path = Info.plist; sourceTree = "<group>"; };
		AE22E4681C179AEC0051859F /* FTC Match TimerUITests.xctest */ = {isa = PBXFileReference; explicitFileType = wrapper.cfbundle; includeInIndex = 0; path = "FTC Match TimerUITests.xctest"; sourceTree = BUILT_PRODUCTS_DIR; };
		AE22E46C1C179AEC0051859F /* FTC_Match_TimerUITests.swift */ = {isa = PBXFileReference; lastKnownFileType = sourcecode.swift; path = FTC_Match_TimerUITests.swift; sourceTree = "<group>"; };
		AE22E46E1C179AEC0051859F /* Info.plist */ = {isa = PBXFileReference; lastKnownFileType = text.plist.xml; path = Info.plist; sourceTree = "<group>"; };
/* End PBXFileReference section */

/* Begin PBXFrameworksBuildPhase section */
		AE22E4461C179AEC0051859F /* Frameworks */ = {
			isa = PBXFrameworksBuildPhase;
			buildActionMask = 2147483647;
			files = (
			);
			runOnlyForDeploymentPostprocessing = 0;
		};
		AE22E45A1C179AEC0051859F /* Frameworks */ = {
			isa = PBXFrameworksBuildPhase;
			buildActionMask = 2147483647;
			files = (
			);
			runOnlyForDeploymentPostprocessing = 0;
		};
		AE22E4651C179AEC0051859F /* Frameworks */ = {
			isa = PBXFrameworksBuildPhase;
			buildActionMask = 2147483647;
			files = (
			);
			runOnlyForDeploymentPostprocessing = 0;
		};
/* End PBXFrameworksBuildPhase section */

/* Begin PBXGroup section */
		AE22E4401C179AEC0051859F = {
			isa = PBXGroup;
			children = (
				AE22E44B1C179AEC0051859F /* FTC Match Timer */,
				AE22E4601C179AEC0051859F /* FTC Match TimerTests */,
				AE22E46B1C179AEC0051859F /* FTC Match TimerUITests */,
				AE22E44A1C179AEC0051859F /* Products */,
			);
			sourceTree = "<group>";
		};
		AE22E44A1C179AEC0051859F /* Products */ = {
			isa = PBXGroup;
			children = (
				AE22E4491C179AEC0051859F /* FTC Match Timer.app */,
				AE22E45D1C179AEC0051859F /* FTC Match TimerTests.xctest */,
				AE22E4681C179AEC0051859F /* FTC Match TimerUITests.xctest */,
			);
			name = Products;
			sourceTree = "<group>";
		};
		AE22E44B1C179AEC0051859F /* FTC Match Timer */ = {
			isa = PBXGroup;
			children = (
				AE22E44C1C179AEC0051859F /* AppDelegate.swift */,
				AE22E44E1C179AEC0051859F /* ViewController.swift */,
				AE22E4501C179AEC0051859F /* Main.storyboard */,
				AE22E4531C179AEC0051859F /* Assets.xcassets */,
				AE22E4551C179AEC0051859F /* LaunchScreen.storyboard */,
				AE22E4581C179AEC0051859F /* Info.plist */,
			);
			path = "FTC Match Timer";
			sourceTree = "<group>";
		};
		AE22E4601C179AEC0051859F /* FTC Match TimerTests */ = {
			isa = PBXGroup;
			children = (
				AE22E4611C179AEC0051859F /* FTC_Match_TimerTests.swift */,
				AE22E4631C179AEC0051859F /* Info.plist */,
			);
			path = "FTC Match TimerTests";
			sourceTree = "<group>";
		};
		AE22E46B1C179AEC0051859F /* FTC Match TimerUITests */ = {
			isa = PBXGroup;
			children = (
				AE22E46C1C179AEC0051859F /* FTC_Match_TimerUITests.swift */,
				AE22E46E1C179AEC0051859F /* Info.plist */,
			);
			path = "FTC Match TimerUITests";
			sourceTree = "<group>";
		};
/* End PBXGroup section */

/* Begin PBXNativeTarget section */
		AE22E4481C179AEC0051859F /* FTC Match Timer */ = {
			isa = PBXNativeTarget;
			buildConfigurationList = AE22E4711C179AEC0051859F /* Build configuration list for PBXNativeTarget "FTC Match Timer" */;
			buildPhases = (
				AE22E4451C179AEC0051859F /* Sources */,
				AE22E4461C179AEC0051859F /* Frameworks */,
				AE22E4471C179AEC0051859F /* Resources */,
			);
			buildRules = (
			);
			dependencies = (
			);
			name = "FTC Match Timer";
			productName = "FTC Match Timer";
			productReference = AE22E4491C179AEC0051859F /* FTC Match Timer.app */;
			productType = "com.apple.product-type.application";
		};
		AE22E45C1C179AEC0051859F /* FTC Match TimerTests */ = {
			isa = PBXNativeTarget;
			buildConfigurationList = AE22E4741C179AEC0051859F /* Build configuration list for PBXNativeTarget "FTC Match TimerTests" */;
			buildPhases = (
				AE22E4591C179AEC0051859F /* Sources */,
				AE22E45A1C179AEC0051859F /* Frameworks */,
				AE22E45B1C179AEC0051859F /* Resources */,
			);
			buildRules = (
			);
			dependencies = (
				AE22E45F1C179AEC0051859F /* PBXTargetDependency */,
			);
			name = "FTC Match TimerTests";
			productName = "FTC Match TimerTests";
			productReference = AE22E45D1C179AEC0051859F /* FTC Match TimerTests.xctest */;
			productType = "com.apple.product-type.bundle.unit-test";
		};
		AE22E4671C179AEC0051859F /* FTC Match TimerUITests */ = {
			isa = PBXNativeTarget;
			buildConfigurationList = AE22E4771C179AEC0051859F /* Build configuration list for PBXNativeTarget "FTC Match TimerUITests" */;
			buildPhases = (
				AE22E4641C179AEC0051859F /* Sources */,
				AE22E4651C179AEC0051859F /* Frameworks */,
				AE22E4661C179AEC0051859F /* Resources */,
			);
			buildRules = (
			);
			dependencies = (
				AE22E46A1C179AEC0051859F /* PBXTargetDependency */,
			);
			name = "FTC Match TimerUITests";
			productName = "FTC Match TimerUITests";
			productReference = AE22E4681C179AEC0051859F /* FTC Match TimerUITests.xctest */;
			productType = "com.apple.product-type.bundle.ui-testing";
		};
/* End PBXNativeTarget section */

/* Begin PBXProject section */
		AE22E4411C179AEC0051859F /* Project object */ = {
			isa = PBXProject;
			attributes = {
				LastSwiftUpdateCheck = 0710;
				LastUpgradeCheck = 0710;
				ORGANIZATIONNAME = "Zephyr Technology";
				TargetAttributes = {
					AE22E4481C179AEC0051859F = {
						CreatedOnToolsVersion = 7.1.1;
					};
					AE22E45C1C179AEC0051859F = {
						CreatedOnToolsVersion = 7.1.1;
						TestTargetID = AE22E4481C179AEC0051859F;
					};
					AE22E4671C179AEC0051859F = {
						CreatedOnToolsVersion = 7.1.1;
						TestTargetID = AE22E4481C179AEC0051859F;
					};
				};
			};
			buildConfigurationList = AE22E4441C179AEC0051859F /* Build configuration list for PBXProject "FTC Match Timer" */;
			compatibilityVersion = "Xcode 3.2";
			developmentRegion = English;
			hasScannedForEncodings = 0;
			knownRegions = (
				en,
				Base,
			);
			mainGroup = AE22E4401C179AEC0051859F;
			productRefGroup = AE22E44A1C179AEC0051859F /* Products */;
			projectDirPath = "";
			projectRoot = "";
			targets = (
				AE22E4481C179AEC0051859F /* FTC Match Timer */,
				AE22E45C1C179AEC0051859F /* FTC Match TimerTests */,
				AE22E4671C179AEC0051859F /* FTC Match TimerUITests */,
			);
		};
/* End PBXProject section */

/* Begin PBXResourcesBuildPhase section */
		AE22E4471C179AEC0051859F /* Resources */ = {
			isa = PBXResourcesBuildPhase;
			buildActionMask = 2147483647;
			files = (
				AE22E4571C179AEC0051859F /* LaunchScreen.storyboard in Resources */,
				AE22E4541C179AEC0051859F /* Assets.xcassets in Resources */,
				AE22E4521C179AEC0051859F /* Main.storyboard in Resources */,
			);
			runOnlyForDeploymentPostprocessing = 0;
		};
		AE22E45B1C179AEC0051859F /* Resources */ = {
			isa = PBXResourcesBuildPhase;
			buildActionMask = 2147483647;
			files = (
			);
			runOnlyForDeploymentPostprocessing = 0;
		};
		AE22E4661C179AEC0051859F /* Resources */ = {
			isa = PBXResourcesBuildPhase;
			buildActionMask = 2147483647;
			files = (
			);
			runOnlyForDeploymentPostprocessing = 0;
		};
/* End PBXResourcesBuildPhase section */

/* Begin PBXSourcesBuildPhase section */
		AE22E4451C179AEC0051859F /* Sources */ = {
			isa = PBXSourcesBuildPhase;
			buildActionMask = 2147483647;
			files = (
				AE22E44F1C179AEC0051859F /* ViewController.swift in Sources */,
				AE22E44D1C179AEC0051859F /* AppDelegate.swift in Sources */,
			);
			runOnlyForDeploymentPostprocessing = 0;
		};
		AE22E4591C179AEC0051859F /* Sources */ = {
			isa = PBXSourcesBuildPhase;
			buildActionMask = 2147483647;
			files = (
				AE22E4621C179AEC0051859F /* FTC_Match_TimerTests.swift in Sources */,
			);
			runOnlyForDeploymentPostprocessing = 0;
		};
		AE22E4641C179AEC0051859F /* Sources */ = {
			isa = PBXSourcesBuildPhase;
			buildActionMask = 2147483647;
			files = (
				AE22E46D1C179AEC0051859F /* FTC_Match_TimerUITests.swift in Sources */,
			);
			runOnlyForDeploymentPostprocessing = 0;
		};
/* End PBXSourcesBuildPhase section */

/* Begin PBXTargetDependency section */
		AE22E45F1C179AEC0051859F /* PBXTargetDependency */ = {
			isa = PBXTargetDependency;
			target = AE22E4481C179AEC0051859F /* FTC Match Timer */;
			targetProxy = AE22E45E1C179AEC0051859F /* PBXContainerItemProxy */;
		};
		AE22E46A1C179AEC0051859F /* PBXTargetDependency */ = {
			isa = PBXTargetDependency;
			target = AE22E4481C179AEC0051859F /* FTC Match Timer */;
			targetProxy = AE22E4691C179AEC0051859F /* PBXContainerItemProxy */;
		};
/* End PBXTargetDependency section */

/* Begin PBXVariantGroup section */
		AE22E4501C179AEC0051859F /* Main.storyboard */ = {
			isa = PBXVariantGroup;
			children = (
				AE22E4511C179AEC0051859F /* Base */,
			);
			name = Main.storyboard;
			sourceTree = "<group>";
		};
		AE22E4551C179AEC0051859F /* LaunchScreen.storyboard */ = {
			isa = PBXVariantGroup;
			children = (
				AE22E4561C179AEC0051859F /* Base */,
			);
			name = LaunchScreen.storyboard;
			sourceTree = "<group>";
		};
/* End PBXVariantGroup section */

/* Begin XCBuildConfiguration section */
		AE22E46F1C179AEC0051859F /* Debug */ = {
			isa = XCBuildConfiguration;
			buildSettings = {
				ALWAYS_SEARCH_USER_PATHS = NO;
				CLANG_CXX_LANGUAGE_STANDARD = "gnu++0x";
				CLANG_CXX_LIBRARY = "libc++";
				CLANG_ENABLE_MODULES = YES;
				CLANG_ENABLE_OBJC_ARC = YES;
				CLANG_WARN_BOOL_CONVERSION = YES;
				CLANG_WARN_CONSTANT_CONVERSION = YES;
				CLANG_WARN_DIRECT_OBJC_ISA_USAGE = YES_ERROR;
				CLANG_WARN_EMPTY_BODY = YES;
				CLANG_WARN_ENUM_CONVERSION = YES;
				CLANG_WARN_INT_CONVERSION = YES;
				CLANG_WARN_OBJC_ROOT_CLASS = YES_ERROR;
				CLANG_WARN_UNREACHABLE_CODE = YES;
				CLANG_WARN__DUPLICATE_METHOD_MATCH = YES;
				"CODE_SIGN_IDENTITY[sdk=iphoneos*]" = "iPhone Developer";
				COPY_PHASE_STRIP = NO;
				DEBUG_INFORMATION_FORMAT = dwarf;
				ENABLE_STRICT_OBJC_MSGSEND = YES;
				ENABLE_TESTABILITY = YES;
				GCC_C_LANGUAGE_STANDARD = gnu99;
				GCC_DYNAMIC_NO_PIC = NO;
				GCC_NO_COMMON_BLOCKS = YES;
				GCC_OPTIMIZATION_LEVEL = 0;
				GCC_PREPROCESSOR_DEFINITIONS = (
					"DEBUG=1",
					"$(inherited)",
				);
				GCC_WARN_64_TO_32_BIT_CONVERSION = YES;
				GCC_WARN_ABOUT_RETURN_TYPE = YES_ERROR;
				GCC_WARN_UNDECLARED_SELECTOR = YES;
				GCC_WARN_UNINITIALIZED_AUTOS = YES_AGGRESSIVE;
				GCC_WARN_UNUSED_FUNCTION = YES;
				GCC_WARN_UNUSED_VARIABLE = YES;
				IPHONEOS_DEPLOYMENT_TARGET = 9.1;
				MTL_ENABLE_DEBUG_INFO = YES;
				ONLY_ACTIVE_ARCH = YES;
				SDKROOT = iphoneos;
				SWIFT_OPTIMIZATION_LEVEL = "-Onone";
				TARGETED_DEVICE_FAMILY = "1,2";
			};
			name = Debug;
		};
		AE22E4701C179AEC0051859F /* Release */ = {
			isa = XCBuildConfiguration;
			buildSettings = {
				ALWAYS_SEARCH_USER_PATHS = NO;
				CLANG_CXX_LANGUAGE_STANDARD = "gnu++0x";
				CLANG_CXX_LIBRARY = "libc++";
				CLANG_ENABLE_MODULES = YES;
				CLANG_ENABLE_OBJC_ARC = YES;
				CLANG_WARN_BOOL_CONVERSION = YES;
				CLANG_WARN_CONSTANT_CONVERSION = YES;
				CLANG_WARN_DIRECT_OBJC_ISA_USAGE = YES_ERROR;
				CLANG_WARN_EMPTY_BODY = YES;
				CLANG_WARN_ENUM_CONVERSION = YES;
				CLANG_WARN_INT_CONVERSION = YES;
				CLANG_WARN_OBJC_ROOT_CLASS = YES_ERROR;
				CLANG_WARN_UNREACHABLE_CODE = YES;
				CLANG_WARN__DUPLICATE_METHOD_MATCH = YES;
				"CODE_SIGN_IDENTITY[sdk=iphoneos*]" = "iPhone Developer";
				COPY_PHASE_STRIP = NO;
				DEBUG_INFORMATION_FORMAT = "dwarf-with-dsym";
				ENABLE_NS_ASSERTIONS = NO;
				ENABLE_STRICT_OBJC_MSGSEND = YES;
				GCC_C_LANGUAGE_STANDARD = gnu99;
				GCC_NO_COMMON_BLOCKS = YES;
				GCC_WARN_64_TO_32_BIT_CONVERSION = YES;
				GCC_WARN_ABOUT_RETURN_TYPE = YES_ERROR;
				GCC_WARN_UNDECLARED_SELECTOR = YES;
				GCC_WARN_UNINITIALIZED_AUTOS = YES_AGGRESSIVE;
				GCC_WARN_UNUSED_FUNCTION = YES;
				GCC_WARN_UNUSED_VARIABLE = YES;
				IPHONEOS_DEPLOYMENT_TARGET = 9.1;
				MTL_ENABLE_DEBUG_INFO = NO;
				SDKROOT = iphoneos;
				TARGETED_DEVICE_FAMILY = "1,2";
				VALIDATE_PRODUCT = YES;
			};
			name = Release;
		};
		AE22E4721C179AEC0051859F /* Debug */ = {
			isa = XCBuildConfiguration;
			buildSettings = {
				ASSETCATALOG_COMPILER_APPICON_NAME = AppIcon;
				INFOPLIST_FILE = "FTC Match Timer/Info.plist";
				LD_RUNPATH_SEARCH_PATHS = "$(inherited) @executable_path/Frameworks";
				PRODUCT_BUNDLE_IDENTIFIER = "com.zephyrTech.FTC-Match-Timer";
				PRODUCT_NAME = "$(TARGET_NAME)";
			};
			name = Debug;
		};
		AE22E4731C179AEC0051859F /* Release */ = {
			isa = XCBuildConfiguration;
			buildSettings = {
				ASSETCATALOG_COMPILER_APPICON_NAME = AppIcon;
				INFOPLIST_FILE = "FTC Match Timer/Info.plist";
				LD_RUNPATH_SEARCH_PATHS = "$(inherited) @executable_path/Frameworks";
				PRODUCT_BUNDLE_IDENTIFIER = "com.zephyrTech.FTC-Match-Timer";
				PRODUCT_NAME = "$(TARGET_NAME)";
			};
			name = Release;
		};
		AE22E4751C179AEC0051859F /* Debug */ = {
			isa = XCBuildConfiguration;
			buildSettings = {
				BUNDLE_LOADER = "$(TEST_HOST)";
				INFOPLIST_FILE = "FTC Match TimerTests/Info.plist";
				LD_RUNPATH_SEARCH_PATHS = "$(inherited) @executable_path/Frameworks @loader_path/Frameworks";
				PRODUCT_BUNDLE_IDENTIFIER = "com.zephyrTech.FTC-Match-TimerTests";
				PRODUCT_NAME = "$(TARGET_NAME)";
				TEST_HOST = "$(BUILT_PRODUCTS_DIR)/FTC Match Timer.app/FTC Match Timer";
			};
			name = Debug;
		};
		AE22E4761C179AEC0051859F /* Release */ = {
			isa = XCBuildConfiguration;
			buildSettings = {
				BUNDLE_LOADER = "$(TEST_HOST)";
				INFOPLIST_FILE = "FTC Match TimerTests/Info.plist";
				LD_RUNPATH_SEARCH_PATHS = "$(inherited) @executable_path/Frameworks @loader_path/Frameworks";
				PRODUCT_BUNDLE_IDENTIFIER = "com.zephyrTech.FTC-Match-TimerTests";
				PRODUCT_NAME = "$(TARGET_NAME)";
				TEST_HOST = "$(BUILT_PRODUCTS_DIR)/FTC Match Timer.app/FTC Match Timer";
			};
			name = Release;
		};
		AE22E4781C179AEC0051859F /* Debug */ = {
			isa = XCBuildConfiguration;
			buildSettings = {
				INFOPLIST_FILE = "FTC Match TimerUITests/Info.plist";
				LD_RUNPATH_SEARCH_PATHS = "$(inherited) @executable_path/Frameworks @loader_path/Frameworks";
				PRODUCT_BUNDLE_IDENTIFIER = "com.zephyrTech.FTC-Match-TimerUITests";
				PRODUCT_NAME = "$(TARGET_NAME)";
				TEST_TARGET_NAME = "FTC Match Timer";
				USES_XCTRUNNER = YES;
			};
			name = Debug;
		};
		AE22E4791C179AEC0051859F /* Release */ = {
			isa = XCBuildConfiguration;
			buildSettings = {
				INFOPLIST_FILE = "FTC Match TimerUITests/Info.plist";
				LD_RUNPATH_SEARCH_PATHS = "$(inherited) @executable_path/Frameworks @loader_path/Frameworks";
				PRODUCT_BUNDLE_IDENTIFIER = "com.zephyrTech.FTC-Match-TimerUITests";
				PRODUCT_NAME = "$(TARGET_NAME)";
				TEST_TARGET_NAME = "FTC Match Timer";
				USES_XCTRUNNER = YES;
			};
			name = Release;
		};
/* End XCBuildConfiguration section */

/* Begin XCConfigurationList section */
		AE22E4441C179AEC0051859F /* Build configuration list for PBXProject "FTC Match Timer" */ = {
			isa = XCConfigurationList;
			buildConfigurations = (
				AE22E46F1C179AEC0051859F /* Debug */,
				AE22E4701C179AEC0051859F /* Release */,
			);
			defaultConfigurationIsVisible = 0;
			defaultConfigurationName = Release;
		};
		AE22E4711C179AEC0051859F /* Build configuration list for PBXNativeTarget "FTC Match Timer" */ = {
			isa = XCConfigurationList;
			buildConfigurations = (
				AE22E4721C179AEC0051859F /* Debug */,
				AE22E4731C179AEC0051859F /* Release */,
			);
			defaultConfigurationIsVisible = 0;
		};
		AE22E4741C179AEC0051859F /* Build configuration list for PBXNativeTarget "FTC Match TimerTests" */ = {
			isa = XCConfigurationList;
			buildConfigurations = (
				AE22E4751C179AEC0051859F /* Debug */,
				AE22E4761C179AEC0051859F /* Release */,
			);
			defaultConfigurationIsVisible = 0;
		};
		AE22E4771C179AEC0051859F /* Build configuration list for PBXNativeTarget "FTC Match TimerUITests" */ = {
			isa = XCConfigurationList;
			buildConfigurations = (
				AE22E4781C179AEC0051859F /* Debug */,
				AE22E4791C179AEC0051859F /* Release */,
			);
			defaultConfigurationIsVisible = 0;
		};
/* End XCConfigurationList section */
	};
	rootObject = AE22E4411C179AEC0051859F /* Project object */;
}
